
Microsoft Visual Studio Solution File, Format Version 12.00
# Visual Studio 14
VisualStudioVersion = 14.0.25420.1
MinimumVisualStudioVersion = 10.0.40219.1
Project("{FAE04EC0-301F-11D3-BF4B-00C04F79EFBC}") = "WebApp", "App\WebApp.csproj", "{140199C9-59AC-4B3F-A380-5764F555A6D6}"
EndProject
Project("{FAE04EC0-301F-11D3-BF4B-00C04F79EFBC}") = "DesktopApp", "DesktopApp\DesktopApp.csproj", "{160E24CA-47EA-4710-8AAE-DC3F86C14EFB}"
EndProject
Global
	GlobalSection(SolutionConfigurationPlatforms) = preSolution
		Debug|Any CPU = Debug|Any CPU
		Release|Any CPU = Release|Any CPU
	EndGlobalSection
	GlobalSection(ProjectConfigurationPlatforms) = postSolution
		{140199C9-59AC-4B3F-A380-5764F555A6D6}.Debug|Any CPU.ActiveCfg = Debug|Any CPU
		{140199C9-59AC-4B3F-A380-5764F555A6D6}.Debug|Any CPU.Build.0 = Debug|Any CPU
		{140199C9-59AC-4B3F-A380-5764F555A6D6}.Release|Any CPU.ActiveCfg = Release|Any CPU
		{140199C9-59AC-4B3F-A380-5764F555A6D6}.Release|Any CPU.Build.0 = Release|Any CPU
		{160E24CA-47EA-4710-8AAE-DC3F86C14EFB}.Debug|Any CPU.ActiveCfg = Debug|Any CPU
		{160E24CA-47EA-4710-8AAE-DC3F86C14EFB}.Debug|Any CPU.Build.0 = Debug|Any CPU
		{160E24CA-47EA-4710-8AAE-DC3F86C14EFB}.Release|Any CPU.ActiveCfg = Release|Any CPU
		{160E24CA-47EA-4710-8AAE-DC3F86C14EFB}.Release|Any CPU.Build.0 = Release|Any CPU
	EndGlobalSection
	GlobalSection(SolutionProperties) = preSolution
		HideSolutionNode = FALSE
	EndGlobalSection
EndGlobal
